
Microsoft Visual Studio Solution File, Format Version 12.00
# Visual Studio Version 17
VisualStudioVersion = 17.14.36414.22 d17.14
MinimumVisualStudioVersion = 10.0.40219.1
Project("{FAE04EC0-301F-11D3-BF4B-00C04F79EFBC}") = "DeurClass", "DeurClass\DeurClass.csproj", "{A40191C3-DB99-4268-9617-BEBF31F36FEB}"
EndProject
Global
	GlobalSection(SolutionConfigurationPlatforms) = preSolution
		Debug|Any CPU = Debug|Any CPU
		Release|Any CPU = Release|Any CPU
	EndGlobalSection
	GlobalSection(ProjectConfigurationPlatforms) = postSolution
		{A40191C3-DB99-4268-9617-BEBF31F36FEB}.Debug|Any CPU.ActiveCfg = Debug|Any CPU
		{A40191C3-DB99-4268-9617-BEBF31F36FEB}.Debug|Any CPU.Build.0 = Debug|Any CPU
		{A40191C3-DB99-4268-9617-BEBF31F36FEB}.Release|Any CPU.ActiveCfg = Release|Any CPU
		{A40191C3-DB99-4268-9617-BEBF31F36FEB}.Release|Any CPU.Build.0 = Release|Any CPU
	EndGlobalSection
	GlobalSection(SolutionProperties) = preSolution
		HideSolutionNode = FALSE
	EndGlobalSection
	GlobalSection(ExtensibilityGlobals) = postSolution
		SolutionGuid = {AAD62D38-409F-4655-9028-0F64E164C140}
	EndGlobalSection
EndGlobal
